// !$*UTF8*$!
{
	archiveVersion = 1;
	classes = {
	};
	objectVersion = 77;
	objects = {

/* Begin PBXContainerItemProxy section */
		C84181112F8E1D6A007F5B09 /* PBXContainerItemProxy */ = {
			isa = PBXContainerItemProxy;
			containerPortal = C84180FB2F8E1D68007F5B09 /* Project object */;
			proxyType = 1;
			remoteGlobalIDString = C84181022F8E1D68007F5B09;
			remoteInfo = Wist;
		};
		C841811B2F8E1D6A007F5B09 /* PBXContainerItemProxy */ = {
			isa = PBXContainerItemProxy;
			containerPortal = C84180FB2F8E1D68007F5B09 /* Project object */;
			proxyType = 1;
			remoteGlobalIDString = C84181022F8E1D68007F5B09;
			remoteInfo = Wist;
		};
/* End PBXContainerItemProxy section */

/* Begin PBXFileReference section */
		C84181032F8E1D68007F5B09 /* Wist.app */ = {isa = PBXFileReference; explicitFileType = wrapper.application; includeInIndex = 0; path = Wist.app; sourceTree = BUILT_PRODUCTS_DIR; };
		C84181102F8E1D6A007F5B09 /* WistTests.xctest */ = {isa = PBXFileReference; explicitFileType = wrapper.cfbundle; includeInIndex = 0; path = WistTests.xctest; sourceTree = BUILT_PRODUCTS_DIR; };
		C841811A2F8E1D6A007F5B09 /* WistUITests.xctest */ = {isa = PBXFileReference; explicitFileType = wrapper.cfbundle; includeInIndex = 0; path = WistUITests.xctest; sourceTree = BUILT_PRODUCTS_DIR; };
/* End PBXFileReference section */

/* Begin PBXFileSystemSynchronizedRootGroup section */
		C84181052F8E1D68007F5B09 /* Wist */ = {
			isa = PBXFileSystemSynchronizedRootGroup;
			path = Wist;
			sourceTree = "<group>";
		};
		C84181132F8E1D6A007F5B09 /* WistTests */ = {
			isa = PBXFileSystemSynchronizedRootGroup;
			path = WistTests;
			sourceTree = "<group>";
		};
		C841811D2F8E1D6A007F5B09 /* WistUITests */ = {
			isa = PBXFileSystemSynchronizedRootGroup;
			path = WistUITests;
			sourceTree = "<group>";
		};
/* End PBXFileSystemSynchronizedRootGroup section */

/* Begin PBXFrameworksBuildPhase section */
		C84181002F8E1D68007F5B09 /* Frameworks */ = {
			isa = PBXFrameworksBuildPhase;
			buildActionMask = 2147483647;
			files = (
			);
			runOnlyForDeploymentPostprocessing = 0;
		};
		C841810D2F8E1D6A007F5B09 /* Frameworks */ = {
			isa = PBXFrameworksBuildPhase;
			buildActionMask = 2147483647;
			files = (
			);
			runOnlyForDeploymentPostprocessing = 0;
		};
		C84181172F8E1D6A007F5B09 /* Frameworks */ = {
			isa = PBXFrameworksBuildPhase;
			buildActionMask = 2147483647;
			files = (
			);
			runOnlyForDeploymentPostprocessing = 0;
		};
/* End PBXFrameworksBuildPhase section */

/* Begin PBXGroup section */
		C84180FA2F8E1D68007F5B09 = {
			isa = PBXGroup;
			children = (
				C84181052F8E1D68007F5B09 /* Wist */,
				C84181132F8E1D6A007F5B09 /* WistTests */,
				C841811D2F8E1D6A007F5B09 /* WistUITests */,
				C84181042F8E1D68007F5B09 /* Products */,
			);
			sourceTree = "<group>";
		};
		C84181042F8E1D68007F5B09 /* Products */ = {
			isa = PBXGroup;
			children = (
				C84181032F8E1D68007F5B09 /* Wist.app */,
				C84181102F8E1D6A007F5B09 /* WistTests.xctest */,
				C841811A2F8E1D6A007F5B09 /* WistUITests.xctest */,
			);
			name = Products;
			sourceTree = "<group>";
		};
/* End PBXGroup section */

/* Begin PBXNativeTarget section */
		C84181022F8E1D68007F5B09 /* Wist */ = {
			isa = PBXNativeTarget;
			buildConfigurationList = C84181242F8E1D6A007F5B09 /* Build configuration list for PBXNativeTarget "Wist" */;
			buildPhases = (
				E84181332F8E1D6A007F5B09 /* Bundle Embedded CLI Tools */,
				C84180FF2F8E1D68007F5B09 /* Sources */,
				C84181002F8E1D68007F5B09 /* Frameworks */,
				C84181012F8E1D68007F5B09 /* Resources */,
				E84181342F8E1D6A007F5B09 /* Embed Tools dylibs */,
			);
			buildRules = (
			);
			dependencies = (
			);
			fileSystemSynchronizedGroups = (
				C84181052F8E1D68007F5B09 /* Wist */,
			);
			name = Wist;
			packageProductDependencies = (
			);
			productName = Wist;
			productReference = C84181032F8E1D68007F5B09 /* Wist.app */;
			productType = "com.apple.product-type.application";
		};
		C841810F2F8E1D6A007F5B09 /* WistTests */ = {
			isa = PBXNativeTarget;
			buildConfigurationList = C84181272F8E1D6A007F5B09 /* Build configuration list for PBXNativeTarget "WistTests" */;
			buildPhases = (
				C841810C2F8E1D6A007F5B09 /* Sources */,
				C841810D2F8E1D6A007F5B09 /* Frameworks */,
				C841810E2F8E1D6A007F5B09 /* Resources */,
			);
			buildRules = (
			);
			dependencies = (
				C84181122F8E1D6A007F5B09 /* PBXTargetDependency */,
			);
			fileSystemSynchronizedGroups = (
				C84181132F8E1D6A007F5B09 /* WistTests */,
			);
			name = WistTests;
			packageProductDependencies = (
			);
			productName = WistTests;
			productReference = C84181102F8E1D6A007F5B09 /* WistTests.xctest */;
			productType = "com.apple.product-type.bundle.unit-test";
		};
		C84181192F8E1D6A007F5B09 /* WistUITests */ = {
			isa = PBXNativeTarget;
			buildConfigurationList = C841812A2F8E1D6A007F5B09 /* Build configuration list for PBXNativeTarget "WistUITests" */;
			buildPhases = (
				C84181162F8E1D6A007F5B09 /* Sources */,
				C84181172F8E1D6A007F5B09 /* Frameworks */,
				C84181182F8E1D6A007F5B09 /* Resources */,
			);
			buildRules = (
			);
			dependencies = (
				C841811C2F8E1D6A007F5B09 /* PBXTargetDependency */,
			);
			fileSystemSynchronizedGroups = (
				C841811D2F8E1D6A007F5B09 /* WistUITests */,
			);
			name = WistUITests;
			packageProductDependencies = (
			);
			productName = WistUITests;
			productReference = C841811A2F8E1D6A007F5B09 /* WistUITests.xctest */;
			productType = "com.apple.product-type.bundle.ui-testing";
		};
/* End PBXNativeTarget section */

/* Begin PBXProject section */
		C84180FB2F8E1D68007F5B09 /* Project object */ = {
			isa = PBXProject;
			attributes = {
				BuildIndependentTargetsInParallel = 1;
				LastSwiftUpdateCheck = 2630;
				LastUpgradeCheck = 2630;
				TargetAttributes = {
					C84181022F8E1D68007F5B09 = {
						CreatedOnToolsVersion = 26.3;
					};
					C841810F2F8E1D6A007F5B09 = {
						CreatedOnToolsVersion = 26.3;
						TestTargetID = C84181022F8E1D68007F5B09;
					};
					C84181192F8E1D6A007F5B09 = {
						CreatedOnToolsVersion = 26.3;
						TestTargetID = C84181022F8E1D68007F5B09;
					};
				};
			};
			buildConfigurationList = C84180FE2F8E1D68007F5B09 /* Build configuration list for PBXProject "Wist" */;
			developmentRegion = en;
			hasScannedForEncodings = 0;
			knownRegions = (
				en,
				Base,
				es,
				"zh-Hans",
				hi,
				ar,
				fr,
				he,
			);
			mainGroup = C84180FA2F8E1D68007F5B09;
			minimizedProjectReferenceProxies = 1;
			preferredProjectObjectVersion = 77;
			productRefGroup = C84181042F8E1D68007F5B09 /* Products */;
			projectDirPath = "";
			projectRoot = "";
			targets = (
				C84181022F8E1D68007F5B09 /* Wist */,
				C841810F2F8E1D6A007F5B09 /* WistTests */,
				C84181192F8E1D6A007F5B09 /* WistUITests */,
			);
		};
/* End PBXProject section */

/* Begin PBXResourcesBuildPhase section */
		C84181012F8E1D68007F5B09 /* Resources */ = {
			isa = PBXResourcesBuildPhase;
			buildActionMask = 2147483647;
			files = (
			);
			runOnlyForDeploymentPostprocessing = 0;
		};
		C841810E2F8E1D6A007F5B09 /* Resources */ = {
			isa = PBXResourcesBuildPhase;
			buildActionMask = 2147483647;
			files = (
			);
			runOnlyForDeploymentPostprocessing = 0;
		};
		C84181182F8E1D6A007F5B09 /* Resources */ = {
			isa = PBXResourcesBuildPhase;
			buildActionMask = 2147483647;
			files = (
			);
			runOnlyForDeploymentPostprocessing = 0;
		};
/* End PBXResourcesBuildPhase section */

/* Begin PBXShellScriptBuildPhase section */
		E84181332F8E1D6A007F5B09 /* Bundle Embedded CLI Tools */ = {
			isa = PBXShellScriptBuildPhase;
			alwaysOutOfDate = 1;
			buildActionMask = 2147483647;
			files = (
			);
			inputFileListPaths = (
			);
			inputPaths = (
			);
			name = "Bundle Embedded CLI Tools";
			outputFileListPaths = (
			);
			outputPaths = (
			);
			runOnlyForDeploymentPostprocessing = 0;
			shellPath = /bin/sh;
			shellScript = "set -e\nexport PATH=\"/opt/homebrew/bin:/usr/local/bin:$PATH\"\ncd \"${PROJECT_DIR}\"\nif [ \"${WIST_SKIP_TOOL_BUNDLE}\" = \"1\" ]; then echo \"Wist: skipping CLI bundle (WIST_SKIP_TOOL_BUNDLE=1)\"; exit 0; fi\nexec /bin/bash \"${PROJECT_DIR}/Scripts/bundle-mac-cli-tools.sh\"\n";
		};
		E84181342F8E1D6A007F5B09 /* Embed Tools dylibs */ = {
			isa = PBXShellScriptBuildPhase;
			alwaysOutOfDate = 1;
			buildActionMask = 2147483647;
			files = (
			);
			inputFileListPaths = (
			);
			inputPaths = (
			);
			name = "Embed Tools dylibs";
			outputFileListPaths = (
			);
			outputPaths = (
			);
			runOnlyForDeploymentPostprocessing = 0;
			shellPath = /bin/sh;
			shellScript = "set -e\nAPP=\"${BUILT_PRODUCTS_DIR}/${PRODUCT_NAME}.app\"\nSRC=\"${PROJECT_DIR}/EmbeddedCLI/lib\"\nDST=\"${APP}/Contents/lib\"\nRSRC=\"${APP}/Contents/Resources/lib\"\nif [ -d \"$SRC\" ] && [ \"$(ls -A \"$SRC\" 2>/dev/null)\" ]; then\n  mkdir -p \"$DST\"\n  /usr/bin/ditto \"$SRC\" \"$DST\"\n  mkdir -p \"$RSRC\"\n  /usr/bin/ditto \"$SRC\" \"$RSRC\"\n  echo \"Wist: embedded EmbeddedCLI/lib -> $DST (+ mirror $RSRC)\"\nfi\n";
		};
/* End PBXShellScriptBuildPhase section */

/* Begin PBXSourcesBuildPhase section */
		C84180FF2F8E1D68007F5B09 /* Sources */ = {
			isa = PBXSourcesBuildPhase;
			buildActionMask = 2147483647;
			files = (
			);
			runOnlyForDeploymentPostprocessing = 0;
		};
		C841810C2F8E1D6A007F5B09 /* Sources */ = {
			isa = PBXSourcesBuildPhase;
			buildActionMask = 2147483647;
			files = (
			);
			runOnlyForDeploymentPostprocessing = 0;
		};
		C84181162F8E1D6A007F5B09 /* Sources */ = {
			isa = PBXSourcesBuildPhase;
			buildActionMask = 2147483647;
			files = (
			);
			runOnlyForDeploymentPostprocessing = 0;
		};
/* End PBXSourcesBuildPhase section */

/* Begin PBXTargetDependency section */
		C84181122F8E1D6A007F5B09 /* PBXTargetDependency */ = {
			isa = PBXTargetDependency;
			target = C84181022F8E1D68007F5B09 /* Wist */;
			targetProxy = C84181112F8E1D6A007F5B09 /* PBXContainerItemProxy */;
		};
		C841811C2F8E1D6A007F5B09 /* PBXTargetDependency */ = {
			isa = PBXTargetDependency;
			target = C84181022F8E1D68007F5B09 /* Wist */;
			targetProxy = C841811B2F8E1D6A007F5B09 /* PBXContainerItemProxy */;
		};
/* End PBXTargetDependency section */

/* Begin XCBuildConfiguration section */
		C84181222F8E1D6A007F5B09 /* Debug */ = {
			isa = XCBuildConfiguration;
			buildSettings = {
				ALWAYS_SEARCH_USER_PATHS = NO;
				ASSETCATALOG_COMPILER_GENERATE_SWIFT_ASSET_SYMBOL_EXTENSIONS = YES;
				CLANG_ANALYZER_NONNULL = YES;
				CLANG_ANALYZER_NUMBER_OBJECT_CONVERSION = YES_AGGRESSIVE;
				CLANG_CXX_LANGUAGE_STANDARD = "gnu++20";
				CLANG_ENABLE_MODULES = YES;
				CLANG_ENABLE_OBJC_ARC = YES;
				CLANG_ENABLE_OBJC_WEAK = YES;
				CLANG_WARN_BLOCK_CAPTURE_AUTORELEASING = YES;
				CLANG_WARN_BOOL_CONVERSION = YES;
				CLANG_WARN_COMMA = YES;
				CLANG_WARN_CONSTANT_CONVERSION = YES;
				CLANG_WARN_DEPRECATED_OBJC_IMPLEMENTATIONS = YES;
				CLANG_WARN_DIRECT_OBJC_ISA_USAGE = YES_ERROR;
				CLANG_WARN_DOCUMENTATION_COMMENTS = YES;
				CLANG_WARN_EMPTY_BODY = YES;
				CLANG_WARN_ENUM_CONVERSION = YES;
				CLANG_WARN_INFINITE_RECURSION = YES;
				CLANG_WARN_INT_CONVERSION = YES;
				CLANG_WARN_NON_LITERAL_NULL_CONVERSION = YES;
				CLANG_WARN_OBJC_IMPLICIT_RETAIN_SELF = YES;
				CLANG_WARN_OBJC_LITERAL_CONVERSION = YES;
				CLANG_WARN_OBJC_ROOT_CLASS = YES_ERROR;
				CLANG_WARN_QUOTED_INCLUDE_IN_FRAMEWORK_HEADER = YES;
				CLANG_WARN_RANGE_LOOP_ANALYSIS = YES;
				CLANG_WARN_STRICT_PROTOTYPES = YES;
				CLANG_WARN_SUSPICIOUS_MOVE = YES;
				CLANG_WARN_UNGUARDED_AVAILABILITY = YES_AGGRESSIVE;
				CLANG_WARN_UNREACHABLE_CODE = YES;
				CLANG_WARN__DUPLICATE_METHOD_MATCH = YES;
				COPY_PHASE_STRIP = NO;
				DEBUG_INFORMATION_FORMAT = dwarf;
				ENABLE_STRICT_OBJC_MSGSEND = YES;
				ENABLE_TESTABILITY = YES;
				ENABLE_USER_SCRIPT_SANDBOXING = NO;
				GCC_C_LANGUAGE_STANDARD = gnu17;
				GCC_DYNAMIC_NO_PIC = NO;
				GCC_NO_COMMON_BLOCKS = YES;
				GCC_OPTIMIZATION_LEVEL = 0;
				GCC_PREPROCESSOR_DEFINITIONS = (
					"DEBUG=1",
					"$(inherited)",
				);
				GCC_WARN_64_TO_32_BIT_CONVERSION = YES;
				GCC_WARN_ABOUT_RETURN_TYPE = YES_ERROR;
				GCC_WARN_UNDECLARED_SELECTOR = YES;
				GCC_WARN_UNINITIALIZED_AUTOS = YES_AGGRESSIVE;
				GCC_WARN_UNUSED_FUNCTION = YES;
				GCC_WARN_UNUSED_VARIABLE = YES;
				LOCALIZATION_PREFERS_STRING_CATALOGS = YES;
				MACOSX_DEPLOYMENT_TARGET = 26.2;
				MTL_ENABLE_DEBUG_INFO = INCLUDE_SOURCE;
				MTL_FAST_MATH = YES;
				ONLY_ACTIVE_ARCH = YES;
				SDKROOT = macosx;
				SWIFT_ACTIVE_COMPILATION_CONDITIONS = "DEBUG $(inherited)";
				SWIFT_OPTIMIZATION_LEVEL = "-Onone";
			};
			name = Debug;
		};
		C84181232F8E1D6A007F5B09 /* Release */ = {
			isa = XCBuildConfiguration;
			buildSettings = {
				ALWAYS_SEARCH_USER_PATHS = NO;
				ASSETCATALOG_COMPILER_GENERATE_SWIFT_ASSET_SYMBOL_EXTENSIONS = YES;
				CLANG_ANALYZER_NONNULL = YES;
				CLANG_ANALYZER_NUMBER_OBJECT_CONVERSION = YES_AGGRESSIVE;
				CLANG_CXX_LANGUAGE_STANDARD = "gnu++20";
				CLANG_ENABLE_MODULES = YES;
				CLANG_ENABLE_OBJC_ARC = YES;
				CLANG_ENABLE_OBJC_WEAK = YES;
				CLANG_WARN_BLOCK_CAPTURE_AUTORELEASING = YES;
				CLANG_WARN_BOOL_CONVERSION = YES;
				CLANG_WARN_COMMA = YES;
				CLANG_WARN_CONSTANT_CONVERSION = YES;
				CLANG_WARN_DEPRECATED_OBJC_IMPLEMENTATIONS = YES;
				CLANG_WARN_DIRECT_OBJC_ISA_USAGE = YES_ERROR;
				CLANG_WARN_DOCUMENTATION_COMMENTS = YES;
				CLANG_WARN_EMPTY_BODY = YES;
				CLANG_WARN_ENUM_CONVERSION = YES;
				CLANG_WARN_INFINITE_RECURSION = YES;
				CLANG_WARN_INT_CONVERSION = YES;
				CLANG_WARN_NON_LITERAL_NULL_CONVERSION = YES;
				CLANG_WARN_OBJC_IMPLICIT_RETAIN_SELF = YES;
				CLANG_WARN_OBJC_LITERAL_CONVERSION = YES;
				CLANG_WARN_OBJC_ROOT_CLASS = YES_ERROR;
				CLANG_WARN_QUOTED_INCLUDE_IN_FRAMEWORK_HEADER = YES;
				CLANG_WARN_RANGE_LOOP_ANALYSIS = YES;
				CLANG_WARN_STRICT_PROTOTYPES = YES;
				CLANG_WARN_SUSPICIOUS_MOVE = YES;
				CLANG_WARN_UNGUARDED_AVAILABILITY = YES_AGGRESSIVE;
				CLANG_WARN_UNREACHABLE_CODE = YES;
				CLANG_WARN__DUPLICATE_METHOD_MATCH = YES;
				COPY_PHASE_STRIP = NO;
				DEBUG_INFORMATION_FORMAT = "dwarf-with-dsym";
				ENABLE_NS_ASSERTIONS = NO;
				ENABLE_STRICT_OBJC_MSGSEND = YES;
				ENABLE_USER_SCRIPT_SANDBOXING = NO;
				GCC_C_LANGUAGE_STANDARD = gnu17;
				GCC_NO_COMMON_BLOCKS = YES;
				GCC_WARN_64_TO_32_BIT_CONVERSION = YES;
				GCC_WARN_ABOUT_RETURN_TYPE = YES_ERROR;
				GCC_WARN_UNDECLARED_SELECTOR = YES;
				GCC_WARN_UNINITIALIZED_AUTOS = YES_AGGRESSIVE;
				GCC_WARN_UNUSED_FUNCTION = YES;
				GCC_WARN_UNUSED_VARIABLE = YES;
				LOCALIZATION_PREFERS_STRING_CATALOGS = YES;
				MACOSX_DEPLOYMENT_TARGET = 26.2;
				MTL_ENABLE_DEBUG_INFO = NO;
				MTL_FAST_MATH = YES;
				SDKROOT = macosx;
				SWIFT_COMPILATION_MODE = wholemodule;
			};
			name = Release;
		};
		C84181252F8E1D6A007F5B09 /* Debug */ = {
			isa = XCBuildConfiguration;
			buildSettings = {
				ASSETCATALOG_COMPILER_APPICON_NAME = AppIcon;
				ASSETCATALOG_COMPILER_GLOBAL_ACCENT_COLOR_NAME = AccentColor;
				CODE_SIGN_STYLE = Automatic;
				COMBINE_HIDPI_IMAGES = YES;
				CURRENT_PROJECT_VERSION = 1;
				DEVELOPMENT_TEAM = ZSNU9GWW94;
				ENABLE_APP_SANDBOX = NO;
				ENABLE_PREVIEWS = YES;
				ENABLE_USER_SELECTED_FILES = readonly;
				GENERATE_INFOPLIST_FILE = YES;
				INFOPLIST_FILE = "App-Info.plist";
				INFOPLIST_KEY_NSHumanReadableCopyright = "";
				LD_RUNPATH_SEARCH_PATHS = (
					"$(inherited)",
					"@executable_path/../Frameworks",
				);
				LIBRARY_SEARCH_PATHS = (
					"$(inherited)",
					"$(PROJECT_DIR)/Wist/Tools/lib",
				);
				MARKETING_VERSION = 1.0;
				PRODUCT_BUNDLE_IDENTIFIER = com.wist.Wist;
				PRODUCT_NAME = "$(TARGET_NAME)";
				REGISTER_APP_GROUPS = YES;
				STRING_CATALOG_GENERATE_SYMBOLS = YES;
				SWIFT_APPROACHABLE_CONCURRENCY = YES;
				SWIFT_DEFAULT_ACTOR_ISOLATION = MainActor;
				SWIFT_EMIT_LOC_STRINGS = YES;
				SWIFT_UPCOMING_FEATURE_MEMBER_IMPORT_VISIBILITY = YES;
				SWIFT_VERSION = 5.0;
			};
			name = Debug;
		};
		C84181262F8E1D6A007F5B09 /* Release */ = {
			isa = XCBuildConfiguration;
			buildSettings = {
				ASSETCATALOG_COMPILER_APPICON_NAME = AppIcon;
				ASSETCATALOG_COMPILER_GLOBAL_ACCENT_COLOR_NAME = AccentColor;
				CODE_SIGN_STYLE = Automatic;
				COMBINE_HIDPI_IMAGES = YES;
				CURRENT_PROJECT_VERSION = 1;
				DEVELOPMENT_TEAM = ZSNU9GWW94;
				ENABLE_APP_SANDBOX = NO;
				ENABLE_PREVIEWS = YES;
				ENABLE_USER_SELECTED_FILES = readonly;
				GENERATE_INFOPLIST_FILE = YES;
				INFOPLIST_FILE = "App-Info.plist";
				INFOPLIST_KEY_NSHumanReadableCopyright = "";
				LD_RUNPATH_SEARCH_PATHS = (
					"$(inherited)",
					"@executable_path/../Frameworks",
				);
				LIBRARY_SEARCH_PATHS = (
					"$(inherited)",
					"$(PROJECT_DIR)/Wist/Tools/lib",
				);
				MARKETING_VERSION = 1.0;
				PRODUCT_BUNDLE_IDENTIFIER = com.wist.Wist;
				PRODUCT_NAME = "$(TARGET_NAME)";
				REGISTER_APP_GROUPS = YES;
				STRING_CATALOG_GENERATE_SYMBOLS = YES;
				SWIFT_APPROACHABLE_CONCURRENCY = YES;
				SWIFT_DEFAULT_ACTOR_ISOLATION = MainActor;
				SWIFT_EMIT_LOC_STRINGS = YES;
				SWIFT_UPCOMING_FEATURE_MEMBER_IMPORT_VISIBILITY = YES;
				SWIFT_VERSION = 5.0;
			};
			name = Release;
		};
		C84181282F8E1D6A007F5B09 /* Debug */ = {
			isa = XCBuildConfiguration;
			buildSettings = {
				BUNDLE_LOADER = "$(TEST_HOST)";
				CODE_SIGN_STYLE = Automatic;
				CURRENT_PROJECT_VERSION = 1;
				GENERATE_INFOPLIST_FILE = YES;
				MACOSX_DEPLOYMENT_TARGET = 26.2;
				MARKETING_VERSION = 1.0;
				PRODUCT_BUNDLE_IDENTIFIER = com.wist.WistTests;
				PRODUCT_NAME = "$(TARGET_NAME)";
				STRING_CATALOG_GENERATE_SYMBOLS = NO;
				SWIFT_APPROACHABLE_CONCURRENCY = YES;
				SWIFT_EMIT_LOC_STRINGS = NO;
				SWIFT_UPCOMING_FEATURE_MEMBER_IMPORT_VISIBILITY = YES;
				SWIFT_VERSION = 5.0;
				TEST_HOST = "$(BUILT_PRODUCTS_DIR)/Wist.app/$(BUNDLE_EXECUTABLE_FOLDER_PATH)/Wist";
			};
			name = Debug;
		};
		C84181292F8E1D6A007F5B09 /* Release */ = {
			isa = XCBuildConfiguration;
			buildSettings = {
				BUNDLE_LOADER = "$(TEST_HOST)";
				CODE_SIGN_STYLE = Automatic;
				CURRENT_PROJECT_VERSION = 1;
				GENERATE_INFOPLIST_FILE = YES;
				MACOSX_DEPLOYMENT_TARGET = 26.2;
				MARKETING_VERSION = 1.0;
				PRODUCT_BUNDLE_IDENTIFIER = com.wist.WistTests;
				PRODUCT_NAME = "$(TARGET_NAME)";
				STRING_CATALOG_GENERATE_SYMBOLS = NO;
				SWIFT_APPROACHABLE_CONCURRENCY = YES;
				SWIFT_EMIT_LOC_STRINGS = NO;
				SWIFT_UPCOMING_FEATURE_MEMBER_IMPORT_VISIBILITY = YES;
				SWIFT_VERSION = 5.0;
				TEST_HOST = "$(BUILT_PRODUCTS_DIR)/Wist.app/$(BUNDLE_EXECUTABLE_FOLDER_PATH)/Wist";
			};
			name = Release;
		};
		C841812B2F8E1D6A007F5B09 /* Debug */ = {
			isa = XCBuildConfiguration;
			buildSettings = {
				CODE_SIGN_STYLE = Automatic;
				CURRENT_PROJECT_VERSION = 1;
				GENERATE_INFOPLIST_FILE = YES;
				MARKETING_VERSION = 1.0;
				PRODUCT_BUNDLE_IDENTIFIER = com.wist.WistUITests;
				PRODUCT_NAME = "$(TARGET_NAME)";
				STRING_CATALOG_GENERATE_SYMBOLS = NO;
				SWIFT_APPROACHABLE_CONCURRENCY = YES;
				SWIFT_EMIT_LOC_STRINGS = NO;
				SWIFT_UPCOMING_FEATURE_MEMBER_IMPORT_VISIBILITY = YES;
				SWIFT_VERSION = 5.0;
				TEST_TARGET_NAME = Wist;
			};
			name = Debug;
		};
		C841812C2F8E1D6A007F5B09 /* Release */ = {
			isa = XCBuildConfiguration;
			buildSettings = {
				CODE_SIGN_STYLE = Automatic;
				CURRENT_PROJECT_VERSION = 1;
				GENERATE_INFOPLIST_FILE = YES;
				MARKETING_VERSION = 1.0;
				PRODUCT_BUNDLE_IDENTIFIER = com.wist.WistUITests;
				PRODUCT_NAME = "$(TARGET_NAME)";
				STRING_CATALOG_GENERATE_SYMBOLS = NO;
				SWIFT_APPROACHABLE_CONCURRENCY = YES;
				SWIFT_EMIT_LOC_STRINGS = NO;
				SWIFT_UPCOMING_FEATURE_MEMBER_IMPORT_VISIBILITY = YES;
				SWIFT_VERSION = 5.0;
				TEST_TARGET_NAME = Wist;
			};
			name = Release;
		};
/* End XCBuildConfiguration section */

/* Begin XCConfigurationList section */
		C84180FE2F8E1D68007F5B09 /* Build configuration list for PBXProject "Wist" */ = {
			isa = XCConfigurationList;
			buildConfigurations = (
				C84181222F8E1D6A007F5B09 /* Debug */,
				C84181232F8E1D6A007F5B09 /* Release */,
			);
			defaultConfigurationIsVisible = 0;
			defaultConfigurationName = Release;
		};
		C84181242F8E1D6A007F5B09 /* Build configuration list for PBXNativeTarget "Wist" */ = {
			isa = XCConfigurationList;
			buildConfigurations = (
				C84181252F8E1D6A007F5B09 /* Debug */,
				C84181262F8E1D6A007F5B09 /* Release */,
			);
			defaultConfigurationIsVisible = 0;
			defaultConfigurationName = Release;
		};
		C84181272F8E1D6A007F5B09 /* Build configuration list for PBXNativeTarget "WistTests" */ = {
			isa = XCConfigurationList;
			buildConfigurations = (
				C84181282F8E1D6A007F5B09 /* Debug */,
				C84181292F8E1D6A007F5B09 /* Release */,
			);
			defaultConfigurationIsVisible = 0;
			defaultConfigurationName = Release;
		};
		C841812A2F8E1D6A007F5B09 /* Build configuration list for PBXNativeTarget "WistUITests" */ = {
			isa = XCConfigurationList;
			buildConfigurations = (
				C841812B2F8E1D6A007F5B09 /* Debug */,
				C841812C2F8E1D6A007F5B09 /* Release */,
			);
			defaultConfigurationIsVisible = 0;
			defaultConfigurationName = Release;
		};
/* End XCConfigurationList section */
	};
	rootObject = C84180FB2F8E1D68007F5B09 /* Project object */;
}
